// !$*UTF8*$!
{
	archiveVersion = 1;
	classes = {
	};
	objectVersion = 46;
	objects = {

/* Begin PBXBuildFile section */
		BD38895B18E7C994004467B5 /* MyModalViewController.m in Sources */ = {isa = PBXBuildFile; fileRef = BD38895A18E7C994004467B5 /* MyModalViewController.m */; };
		BD38895E18E7CBD8004467B5 /* PeakMoment.m in Sources */ = {isa = PBXBuildFile; fileRef = BD38895D18E7CBD8004467B5 /* PeakMoment.m */; };
		BD38896218E806A3004467B5 /* add_moment_button.png in Resources */ = {isa = PBXBuildFile; fileRef = BD38895F18E806A3004467B5 /* add_moment_button.png */; };
		BD38896318E806A3004467B5 /* submit_button.png in Resources */ = {isa = PBXBuildFile; fileRef = BD38896018E806A3004467B5 /* submit_button.png */; };
		BD38896418E806A3004467B5 /* top_bar.png in Resources */ = {isa = PBXBuildFile; fileRef = BD38896118E806A3004467B5 /* top_bar.png */; };
		BD38896818E80D4B004467B5 /* Parse.framework in Frameworks */ = {isa = PBXBuildFile; fileRef = BD38896718E80D4B004467B5 /* Parse.framework */; };
		BD38896A18E812A2004467B5 /* AudioToolbox.framework in Frameworks */ = {isa = PBXBuildFile; fileRef = BD38896918E812A2004467B5 /* AudioToolbox.framework */; };
		BD38896C18E812AA004467B5 /* CFNetwork.framework in Frameworks */ = {isa = PBXBuildFile; fileRef = BD38896B18E812AA004467B5 /* CFNetwork.framework */; };
		BD38897418E812D8004467B5 /* CoreLocation.framework in Frameworks */ = {isa = PBXBuildFile; fileRef = BD38896D18E812D8004467B5 /* CoreLocation.framework */; };
		BD38897518E812D8004467B5 /* libz.dylib in Frameworks */ = {isa = PBXBuildFile; fileRef = BD38896E18E812D8004467B5 /* libz.dylib */; };
		BD38897618E812D8004467B5 /* MobileCoreServices.framework in Frameworks */ = {isa = PBXBuildFile; fileRef = BD38896F18E812D8004467B5 /* MobileCoreServices.framework */; };
		BD38897718E812D8004467B5 /* QuartzCore.framework in Frameworks */ = {isa = PBXBuildFile; fileRef = BD38897018E812D8004467B5 /* QuartzCore.framework */; };
		BD38897818E812D8004467B5 /* Security.framework in Frameworks */ = {isa = PBXBuildFile; fileRef = BD38897118E812D8004467B5 /* Security.framework */; };
		BD38897918E812D8004467B5 /* StoreKit.framework in Frameworks */ = {isa = PBXBuildFile; fileRef = BD38897218E812D8004467B5 /* StoreKit.framework */; };
		BD38897A18E812D8004467B5 /* SystemConfiguration.framework in Frameworks */ = {isa = PBXBuildFile; fileRef = BD38897318E812D8004467B5 /* SystemConfiguration.framework */; };
		BD38897D18E831A0004467B5 /* MBProgressHUD.m in Sources */ = {isa = PBXBuildFile; fileRef = BD38897C18E831A0004467B5 /* MBProgressHUD.m */; };
		BD699DF218E787C60085F819 /* Foundation.framework in Frameworks */ = {isa = PBXBuildFile; fileRef = BD699DF118E787C60085F819 /* Foundation.framework */; };
		BD699DF418E787C60085F819 /* CoreGraphics.framework in Frameworks */ = {isa = PBXBuildFile; fileRef = BD699DF318E787C60085F819 /* CoreGraphics.framework */; };
		BD699DF618E787C60085F819 /* UIKit.framework in Frameworks */ = {isa = PBXBuildFile; fileRef = BD699DF518E787C60085F819 /* UIKit.framework */; };
		BD699DFC18E787C60085F819 /* InfoPlist.strings in Resources */ = {isa = PBXBuildFile; fileRef = BD699DFA18E787C60085F819 /* InfoPlist.strings */; };
		BD699DFE18E787C60085F819 /* main.m in Sources */ = {isa = PBXBuildFile; fileRef = BD699DFD18E787C60085F819 /* main.m */; };
		BD699E0218E787C60085F819 /* AppDelegate.m in Sources */ = {isa = PBXBuildFile; fileRef = BD699E0118E787C60085F819 /* AppDelegate.m */; };
		BD699E0518E787C60085F819 /* Main.storyboard in Resources */ = {isa = PBXBuildFile; fileRef = BD699E0318E787C60085F819 /* Main.storyboard */; };
		BD699E0818E787C60085F819 /* ViewController.m in Sources */ = {isa = PBXBuildFile; fileRef = BD699E0718E787C60085F819 /* ViewController.m */; };
		BD699E0A18E787C60085F819 /* Images.xcassets in Resources */ = {isa = PBXBuildFile; fileRef = BD699E0918E787C60085F819 /* Images.xcassets */; };
		BD699E1118E787C60085F819 /* XCTest.framework in Frameworks */ = {isa = PBXBuildFile; fileRef = BD699E1018E787C60085F819 /* XCTest.framework */; };
		BD699E1218E787C60085F819 /* Foundation.framework in Frameworks */ = {isa = PBXBuildFile; fileRef = BD699DF118E787C60085F819 /* Foundation.framework */; };
		BD699E1318E787C60085F819 /* UIKit.framework in Frameworks */ = {isa = PBXBuildFile; fileRef = BD699DF518E787C60085F819 /* UIKit.framework */; };
		BD699E1B18E787C60085F819 /* InfoPlist.strings in Resources */ = {isa = PBXBuildFile; fileRef = BD699E1918E787C60085F819 /* InfoPlist.strings */; };
		BD699E1D18E787C60085F819 /* PeakTests.m in Sources */ = {isa = PBXBuildFile; fileRef = BD699E1C18E787C60085F819 /* PeakTests.m */; };
		BDA7696218E7ACF0002922B3 /* MyCustomTableViewCell.m in Sources */ = {isa = PBXBuildFile; fileRef = BDA7696118E7ACF0002922B3 /* MyCustomTableViewCell.m */; };
/* End PBXBuildFile section */

/* Begin PBXContainerItemProxy section */
		BD699E1418E787C60085F819 /* PBXContainerItemProxy */ = {
			isa = PBXContainerItemProxy;
			containerPortal = BD699DE618E787C60085F819 /* Project object */;
			proxyType = 1;
			remoteGlobalIDString = BD699DED18E787C60085F819;
			remoteInfo = Peak;
		};
/* End PBXContainerItemProxy section */

/* Begin PBXFileReference section */
		BD38895918E7C994004467B5 /* MyModalViewController.h */ = {isa = PBXFileReference; fileEncoding = 4; lastKnownFileType = sourcecode.c.h; path = MyModalViewController.h; sourceTree = "<group>"; };
		BD38895A18E7C994004467B5 /* MyModalViewController.m */ = {isa = PBXFileReference; fileEncoding = 4; lastKnownFileType = sourcecode.c.objc; path = MyModalViewController.m; sourceTree = "<group>"; };
		BD38895C18E7CBD8004467B5 /* PeakMoment.h */ = {isa = PBXFileReference; fileEncoding = 4; lastKnownFileType = sourcecode.c.h; path = PeakMoment.h; sourceTree = "<group>"; };
		BD38895D18E7CBD8004467B5 /* PeakMoment.m */ = {isa = PBXFileReference; fileEncoding = 4; lastKnownFileType = sourcecode.c.objc; path = PeakMoment.m; sourceTree = "<group>"; };
		BD38895F18E806A3004467B5 /* add_moment_button.png */ = {isa = PBXFileReference; lastKnownFileType = image.png; path = add_moment_button.png; sourceTree = "<group>"; };
		BD38896018E806A3004467B5 /* submit_button.png */ = {isa = PBXFileReference; lastKnownFileType = image.png; path = submit_button.png; sourceTree = "<group>"; };
		BD38896118E806A3004467B5 /* top_bar.png */ = {isa = PBXFileReference; lastKnownFileType = image.png; path = top_bar.png; sourceTree = "<group>"; };
		BD38896718E80D4B004467B5 /* Parse.framework */ = {isa = PBXFileReference; lastKnownFileType = wrapper.framework; path = Parse.framework; sourceTree = "<group>"; };
		BD38896918E812A2004467B5 /* AudioToolbox.framework */ = {isa = PBXFileReference; lastKnownFileType = wrapper.framework; name = AudioToolbox.framework; path = System/Library/Frameworks/AudioToolbox.framework; sourceTree = SDKROOT; };
		BD38896B18E812AA004467B5 /* CFNetwork.framework */ = {isa = PBXFileReference; lastKnownFileType = wrapper.framework; name = CFNetwork.framework; path = System/Library/Frameworks/CFNetwork.framework; sourceTree = SDKROOT; };
		BD38896D18E812D8004467B5 /* CoreLocation.framework */ = {isa = PBXFileReference; lastKnownFileType = wrapper.framework; name = CoreLocation.framework; path = System/Library/Frameworks/CoreLocation.framework; sourceTree = SDKROOT; };
		BD38896E18E812D8004467B5 /* libz.dylib */ = {isa = PBXFileReference; lastKnownFileType = "compiled.mach-o.dylib"; name = libz.dylib; path = usr/lib/libz.dylib; sourceTree = SDKROOT; };
		BD38896F18E812D8004467B5 /* MobileCoreServices.framework */ = {isa = PBXFileReference; lastKnownFileType = wrapper.framework; name = MobileCoreServices.framework; path = System/Library/Frameworks/MobileCoreServices.framework; sourceTree = SDKROOT; };
		BD38897018E812D8004467B5 /* QuartzCore.framework */ = {isa = PBXFileReference; lastKnownFileType = wrapper.framework; name = QuartzCore.framework; path = System/Library/Frameworks/QuartzCore.framework; sourceTree = SDKROOT; };
		BD38897118E812D8004467B5 /* Security.framework */ = {isa = PBXFileReference; lastKnownFileType = wrapper.framework; name = Security.framework; path = System/Library/Frameworks/Security.framework; sourceTree = SDKROOT; };
		BD38897218E812D8004467B5 /* StoreKit.framework */ = {isa = PBXFileReference; lastKnownFileType = wrapper.framework; name = StoreKit.framework; path = System/Library/Frameworks/StoreKit.framework; sourceTree = SDKROOT; };
		BD38897318E812D8004467B5 /* SystemConfiguration.framework */ = {isa = PBXFileReference; lastKnownFileType = wrapper.framework; name = SystemConfiguration.framework; path = System/Library/Frameworks/SystemConfiguration.framework; sourceTree = SDKROOT; };
		BD38897B18E831A0004467B5 /* MBProgressHUD.h */ = {isa = PBXFileReference; fileEncoding = 4; lastKnownFileType = sourcecode.c.h; name = MBProgressHUD.h; path = ../MBProgressHUD.h; sourceTree = "<group>"; };
		BD38897C18E831A0004467B5 /* MBProgressHUD.m */ = {isa = PBXFileReference; fileEncoding = 4; lastKnownFileType = sourcecode.c.objc; name = MBProgressHUD.m; path = ../MBProgressHUD.m; sourceTree = "<group>"; };
		BD699DEE18E787C60085F819 /* Peak.app */ = {isa = PBXFileReference; explicitFileType = wrapper.application; includeInIndex = 0; path = Peak.app; sourceTree = BUILT_PRODUCTS_DIR; };
		BD699DF118E787C60085F819 /* Foundation.framework */ = {isa = PBXFileReference; lastKnownFileType = wrapper.framework; name = Foundation.framework; path = System/Library/Frameworks/Foundation.framework; sourceTree = SDKROOT; };
		BD699DF318E787C60085F819 /* CoreGraphics.framework */ = {isa = PBXFileReference; lastKnownFileType = wrapper.framework; name = CoreGraphics.framework; path = System/Library/Frameworks/CoreGraphics.framework; sourceTree = SDKROOT; };
		BD699DF518E787C60085F819 /* UIKit.framework */ = {isa = PBXFileReference; lastKnownFileType = wrapper.framework; name = UIKit.framework; path = System/Library/Frameworks/UIKit.framework; sourceTree = SDKROOT; };
		BD699DF918E787C60085F819 /* Peak-Info.plist */ = {isa = PBXFileReference; lastKnownFileType = text.plist.xml; path = "Peak-Info.plist"; sourceTree = "<group>"; };
		BD699DFB18E787C60085F819 /* en */ = {isa = PBXFileReference; lastKnownFileType = text.plist.strings; name = en; path = en.lproj/InfoPlist.strings; sourceTree = "<group>"; };
		BD699DFD18E787C60085F819 /* main.m */ = {isa = PBXFileReference; lastKnownFileType = sourcecode.c.objc; path = main.m; sourceTree = "<group>"; };
		BD699DFF18E787C60085F819 /* Peak-Prefix.pch */ = {isa = PBXFileReference; lastKnownFileType = sourcecode.c.h; path = "Peak-Prefix.pch"; sourceTree = "<group>"; };
		BD699E0018E787C60085F819 /* AppDelegate.h */ = {isa = PBXFileReference; lastKnownFileType = sourcecode.c.h; path = AppDelegate.h; sourceTree = "<group>"; };
		BD699E0118E787C60085F819 /* AppDelegate.m */ = {isa = PBXFileReference; lastKnownFileType = sourcecode.c.objc; path = AppDelegate.m; sourceTree = "<group>"; };
		BD699E0418E787C60085F819 /* Base */ = {isa = PBXFileReference; lastKnownFileType = file.storyboard; name = Base; path = Base.lproj/Main.storyboard; sourceTree = "<group>"; };
		BD699E0618E787C60085F819 /* ViewController.h */ = {isa = PBXFileReference; lastKnownFileType = sourcecode.c.h; path = ViewController.h; sourceTree = "<group>"; };
		BD699E0718E787C60085F819 /* ViewController.m */ = {isa = PBXFileReference; lastKnownFileType = sourcecode.c.objc; path = ViewController.m; sourceTree = "<group>"; };
		BD699E0918E787C60085F819 /* Images.xcassets */ = {isa = PBXFileReference; lastKnownFileType = folder.assetcatalog; path = Images.xcassets; sourceTree = "<group>"; };
		BD699E0F18E787C60085F819 /* PeakTests.xctest */ = {isa = PBXFileReference; explicitFileType = wrapper.cfbundle; includeInIndex = 0; path = PeakTests.xctest; sourceTree = BUILT_PRODUCTS_DIR; };
		BD699E1018E787C60085F819 /* XCTest.framework */ = {isa = PBXFileReference; lastKnownFileType = wrapper.framework; name = XCTest.framework; path = Library/Frameworks/XCTest.framework; sourceTree = DEVELOPER_DIR; };
		BD699E1818E787C60085F819 /* PeakTests-Info.plist */ = {isa = PBXFileReference; lastKnownFileType = text.plist.xml; path = "PeakTests-Info.plist"; sourceTree = "<group>"; };
		BD699E1A18E787C60085F819 /* en */ = {isa = PBXFileReference; lastKnownFileType = text.plist.strings; name = en; path = en.lproj/InfoPlist.strings; sourceTree = "<group>"; };
		BD699E1C18E787C60085F819 /* PeakTests.m */ = {isa = PBXFileReference; lastKnownFileType = sourcecode.c.objc; path = PeakTests.m; sourceTree = "<group>"; };
		BDA7696018E7ACF0002922B3 /* MyCustomTableViewCell.h */ = {isa = PBXFileReference; fileEncoding = 4; lastKnownFileType = sourcecode.c.h; name = MyCustomTableViewCell.h; path = ../MyCustomTableViewCell.h; sourceTree = "<group>"; };
		BDA7696118E7ACF0002922B3 /* MyCustomTableViewCell.m */ = {isa = PBXFileReference; fileEncoding = 4; lastKnownFileType = sourcecode.c.objc; name = MyCustomTableViewCell.m; path = ../MyCustomTableViewCell.m; sourceTree = "<group>"; };
/* End PBXFileReference section */

/* Begin PBXFrameworksBuildPhase section */
		BD699DEB18E787C60085F819 /* Frameworks */ = {
			isa = PBXFrameworksBuildPhase;
			buildActionMask = 2147483647;
			files = (
				BD38897418E812D8004467B5 /* CoreLocation.framework in Frameworks */,
				BD38897518E812D8004467B5 /* libz.dylib in Frameworks */,
				BD38897618E812D8004467B5 /* MobileCoreServices.framework in Frameworks */,
				BD38897718E812D8004467B5 /* QuartzCore.framework in Frameworks */,
				BD38897818E812D8004467B5 /* Security.framework in Frameworks */,
				BD38897918E812D8004467B5 /* StoreKit.framework in Frameworks */,
				BD38897A18E812D8004467B5 /* SystemConfiguration.framework in Frameworks */,
				BD699DF418E787C60085F819 /* CoreGraphics.framework in Frameworks */,
				BD38896C18E812AA004467B5 /* CFNetwork.framework in Frameworks */,
				BD38896A18E812A2004467B5 /* AudioToolbox.framework in Frameworks */,
				BD699DF618E787C60085F819 /* UIKit.framework in Frameworks */,
				BD38896818E80D4B004467B5 /* Parse.framework in Frameworks */,
				BD699DF218E787C60085F819 /* Foundation.framework in Frameworks */,
			);
			runOnlyForDeploymentPostprocessing = 0;
		};
		BD699E0C18E787C60085F819 /* Frameworks */ = {
			isa = PBXFrameworksBuildPhase;
			buildActionMask = 2147483647;
			files = (
				BD699E1118E787C60085F819 /* XCTest.framework in Frameworks */,
				BD699E1318E787C60085F819 /* UIKit.framework in Frameworks */,
				BD699E1218E787C60085F819 /* Foundation.framework in Frameworks */,
			);
			runOnlyForDeploymentPostprocessing = 0;
		};
/* End PBXFrameworksBuildPhase section */

/* Begin PBXGroup section */
		BD699DE518E787C60085F819 = {
			isa = PBXGroup;
			children = (
				BD699DF718E787C60085F819 /* Peak */,
				BD699E1618E787C60085F819 /* PeakTests */,
				BD699DF018E787C60085F819 /* Frameworks */,
				BD699DEF18E787C60085F819 /* Products */,
			);
			sourceTree = "<group>";
		};
		BD699DEF18E787C60085F819 /* Products */ = {
			isa = PBXGroup;
			children = (
				BD699DEE18E787C60085F819 /* Peak.app */,
				BD699E0F18E787C60085F819 /* PeakTests.xctest */,
			);
			name = Products;
			sourceTree = "<group>";
		};
		BD699DF018E787C60085F819 /* Frameworks */ = {
			isa = PBXGroup;
			children = (
				BD38896D18E812D8004467B5 /* CoreLocation.framework */,
				BD38896E18E812D8004467B5 /* libz.dylib */,
				BD38896F18E812D8004467B5 /* MobileCoreServices.framework */,
				BD38897018E812D8004467B5 /* QuartzCore.framework */,
				BD38897118E812D8004467B5 /* Security.framework */,
				BD38897218E812D8004467B5 /* StoreKit.framework */,
				BD38897318E812D8004467B5 /* SystemConfiguration.framework */,
				BD38896B18E812AA004467B5 /* CFNetwork.framework */,
				BD38896918E812A2004467B5 /* AudioToolbox.framework */,
				BD38896718E80D4B004467B5 /* Parse.framework */,
				BD699DF118E787C60085F819 /* Foundation.framework */,
				BD699DF318E787C60085F819 /* CoreGraphics.framework */,
				BD699DF518E787C60085F819 /* UIKit.framework */,
				BD699E1018E787C60085F819 /* XCTest.framework */,
			);
			name = Frameworks;
			sourceTree = "<group>";
		};
		BD699DF718E787C60085F819 /* Peak */ = {
			isa = PBXGroup;
			children = (
				BD38897B18E831A0004467B5 /* MBProgressHUD.h */,
				BD38897C18E831A0004467B5 /* MBProgressHUD.m */,
				BDA7696018E7ACF0002922B3 /* MyCustomTableViewCell.h */,
				BDA7696118E7ACF0002922B3 /* MyCustomTableViewCell.m */,
				BD699E0018E787C60085F819 /* AppDelegate.h */,
				BD699E0118E787C60085F819 /* AppDelegate.m */,
				BD699E0318E787C60085F819 /* Main.storyboard */,
				BD38895918E7C994004467B5 /* MyModalViewController.h */,
				BD38895A18E7C994004467B5 /* MyModalViewController.m */,
				BD699E0618E787C60085F819 /* ViewController.h */,
				BD699E0718E787C60085F819 /* ViewController.m */,
				BD699E0918E787C60085F819 /* Images.xcassets */,
				BD699DF818E787C60085F819 /* Supporting Files */,
				BD38895C18E7CBD8004467B5 /* PeakMoment.h */,
				BD38895D18E7CBD8004467B5 /* PeakMoment.m */,
			);
			path = Peak;
			sourceTree = "<group>";
		};
		BD699DF818E787C60085F819 /* Supporting Files */ = {
			isa = PBXGroup;
			children = (
				BD38895F18E806A3004467B5 /* add_moment_button.png */,
				BD38896018E806A3004467B5 /* submit_button.png */,
				BD38896118E806A3004467B5 /* top_bar.png */,
				BD699DF918E787C60085F819 /* Peak-Info.plist */,
				BD699DFA18E787C60085F819 /* InfoPlist.strings */,
				BD699DFD18E787C60085F819 /* main.m */,
				BD699DFF18E787C60085F819 /* Peak-Prefix.pch */,
			);
			name = "Supporting Files";
			sourceTree = "<group>";
		};
		BD699E1618E787C60085F819 /* PeakTests */ = {
			isa = PBXGroup;
			children = (
				BD699E1C18E787C60085F819 /* PeakTests.m */,
				BD699E1718E787C60085F819 /* Supporting Files */,
			);
			path = PeakTests;
			sourceTree = "<group>";
		};
		BD699E1718E787C60085F819 /* Supporting Files */ = {
			isa = PBXGroup;
			children = (
				BD699E1818E787C60085F819 /* PeakTests-Info.plist */,
				BD699E1918E787C60085F819 /* InfoPlist.strings */,
			);
			name = "Supporting Files";
			sourceTree = "<group>";
		};
/* End PBXGroup section */

/* Begin PBXNativeTarget section */
		BD699DED18E787C60085F819 /* Peak */ = {
			isa = PBXNativeTarget;
			buildConfigurationList = BD699E2018E787C60085F819 /* Build configuration list for PBXNativeTarget "Peak" */;
			buildPhases = (
				BD699DEA18E787C60085F819 /* Sources */,
				BD699DEB18E787C60085F819 /* Frameworks */,
				BD699DEC18E787C60085F819 /* Resources */,
			);
			buildRules = (
			);
			dependencies = (
			);
			name = Peak;
			productName = Peak;
			productReference = BD699DEE18E787C60085F819 /* Peak.app */;
			productType = "com.apple.product-type.application";
		};
		BD699E0E18E787C60085F819 /* PeakTests */ = {
			isa = PBXNativeTarget;
			buildConfigurationList = BD699E2318E787C60085F819 /* Build configuration list for PBXNativeTarget "PeakTests" */;
			buildPhases = (
				BD699E0B18E787C60085F819 /* Sources */,
				BD699E0C18E787C60085F819 /* Frameworks */,
				BD699E0D18E787C60085F819 /* Resources */,
			);
			buildRules = (
			);
			dependencies = (
				BD699E1518E787C60085F819 /* PBXTargetDependency */,
			);
			name = PeakTests;
			productName = PeakTests;
			productReference = BD699E0F18E787C60085F819 /* PeakTests.xctest */;
			productType = "com.apple.product-type.bundle.unit-test";
		};
/* End PBXNativeTarget section */

/* Begin PBXProject section */
		BD699DE618E787C60085F819 /* Project object */ = {
			isa = PBXProject;
			attributes = {
				LastUpgradeCheck = 0510;
				ORGANIZATIONNAME = "David LoBosco";
				TargetAttributes = {
					BD699E0E18E787C60085F819 = {
						TestTargetID = BD699DED18E787C60085F819;
					};
				};
			};
			buildConfigurationList = BD699DE918E787C60085F819 /* Build configuration list for PBXProject "Peak" */;
			compatibilityVersion = "Xcode 3.2";
			developmentRegion = English;
			hasScannedForEncodings = 0;
			knownRegions = (
				en,
				Base,
			);
			mainGroup = BD699DE518E787C60085F819;
			productRefGroup = BD699DEF18E787C60085F819 /* Products */;
			projectDirPath = "";
			projectRoot = "";
			targets = (
				BD699DED18E787C60085F819 /* Peak */,
				BD699E0E18E787C60085F819 /* PeakTests */,
			);
		};
/* End PBXProject section */

/* Begin PBXResourcesBuildPhase section */
		BD699DEC18E787C60085F819 /* Resources */ = {
			isa = PBXResourcesBuildPhase;
			buildActionMask = 2147483647;
			files = (
				BD699E0A18E787C60085F819 /* Images.xcassets in Resources */,
				BD699DFC18E787C60085F819 /* InfoPlist.strings in Resources */,
				BD38896318E806A3004467B5 /* submit_button.png in Resources */,
				BD38896418E806A3004467B5 /* top_bar.png in Resources */,
				BD699E0518E787C60085F819 /* Main.storyboard in Resources */,
				BD38896218E806A3004467B5 /* add_moment_button.png in Resources */,
			);
			runOnlyForDeploymentPostprocessing = 0;
		};
		BD699E0D18E787C60085F819 /* Resources */ = {
			isa = PBXResourcesBuildPhase;
			buildActionMask = 2147483647;
			files = (
				BD699E1B18E787C60085F819 /* InfoPlist.strings in Resources */,
			);
			runOnlyForDeploymentPostprocessing = 0;
		};
/* End PBXResourcesBuildPhase section */

/* Begin PBXSourcesBuildPhase section */
		BD699DEA18E787C60085F819 /* Sources */ = {
			isa = PBXSourcesBuildPhase;
			buildActionMask = 2147483647;
			files = (
				BD699E0818E787C60085F819 /* ViewController.m in Sources */,
				BD38895B18E7C994004467B5 /* MyModalViewController.m in Sources */,
				BD699E0218E787C60085F819 /* AppDelegate.m in Sources */,
				BDA7696218E7ACF0002922B3 /* MyCustomTableViewCell.m in Sources */,
				BD38895E18E7CBD8004467B5 /* PeakMoment.m in Sources */,
				BD699DFE18E787C60085F819 /* main.m in Sources */,
				BD38897D18E831A0004467B5 /* MBProgressHUD.m in Sources */,
			);
			runOnlyForDeploymentPostprocessing = 0;
		};
		BD699E0B18E787C60085F819 /* Sources */ = {
			isa = PBXSourcesBuildPhase;
			buildActionMask = 2147483647;
			files = (
				BD699E1D18E787C60085F819 /* PeakTests.m in Sources */,
			);
			runOnlyForDeploymentPostprocessing = 0;
		};
/* End PBXSourcesBuildPhase section */

/* Begin PBXTargetDependency section */
		BD699E1518E787C60085F819 /* PBXTargetDependency */ = {
			isa = PBXTargetDependency;
			target = BD699DED18E787C60085F819 /* Peak */;
			targetProxy = BD699E1418E787C60085F819 /* PBXContainerItemProxy */;
		};
/* End PBXTargetDependency section */

/* Begin PBXVariantGroup section */
		BD699DFA18E787C60085F819 /* InfoPlist.strings */ = {
			isa = PBXVariantGroup;
			children = (
				BD699DFB18E787C60085F819 /* en */,
			);
			name = InfoPlist.strings;
			sourceTree = "<group>";
		};
		BD699E0318E787C60085F819 /* Main.storyboard */ = {
			isa = PBXVariantGroup;
			children = (
				BD699E0418E787C60085F819 /* Base */,
			);
			name = Main.storyboard;
			sourceTree = "<group>";
		};
		BD699E1918E787C60085F819 /* InfoPlist.strings */ = {
			isa = PBXVariantGroup;
			children = (
				BD699E1A18E787C60085F819 /* en */,
			);
			name = InfoPlist.strings;
			sourceTree = "<group>";
		};
/* End PBXVariantGroup section */

/* Begin XCBuildConfiguration section */
		BD699E1E18E787C60085F819 /* Debug */ = {
			isa = XCBuildConfiguration;
			buildSettings = {
				ALWAYS_SEARCH_USER_PATHS = NO;
				CLANG_CXX_LANGUAGE_STANDARD = "gnu++0x";
				CLANG_CXX_LIBRARY = "libc++";
				CLANG_ENABLE_MODULES = YES;
				CLANG_ENABLE_OBJC_ARC = YES;
				CLANG_WARN_BOOL_CONVERSION = YES;
				CLANG_WARN_CONSTANT_CONVERSION = YES;
				CLANG_WARN_DIRECT_OBJC_ISA_USAGE = YES_ERROR;
				CLANG_WARN_EMPTY_BODY = YES;
				CLANG_WARN_ENUM_CONVERSION = YES;
				CLANG_WARN_INT_CONVERSION = YES;
				CLANG_WARN_OBJC_ROOT_CLASS = YES_ERROR;
				CLANG_WARN__DUPLICATE_METHOD_MATCH = YES;
				"CODE_SIGN_IDENTITY[sdk=iphoneos*]" = "iPhone Developer";
				COPY_PHASE_STRIP = NO;
				GCC_C_LANGUAGE_STANDARD = gnu99;
				GCC_DYNAMIC_NO_PIC = NO;
				GCC_OPTIMIZATION_LEVEL = 0;
				GCC_PREPROCESSOR_DEFINITIONS = (
					"DEBUG=1",
					"$(inherited)",
				);
				GCC_SYMBOLS_PRIVATE_EXTERN = NO;
				GCC_WARN_64_TO_32_BIT_CONVERSION = YES;
				GCC_WARN_ABOUT_RETURN_TYPE = YES_ERROR;
				GCC_WARN_UNDECLARED_SELECTOR = YES;
				GCC_WARN_UNINITIALIZED_AUTOS = YES_AGGRESSIVE;
				GCC_WARN_UNUSED_FUNCTION = YES;
				GCC_WARN_UNUSED_VARIABLE = YES;
				IPHONEOS_DEPLOYMENT_TARGET = 7.1;
				ONLY_ACTIVE_ARCH = YES;
				SDKROOT = iphoneos;
			};
			name = Debug;
		};
		BD699E1F18E787C60085F819 /* Release */ = {
			isa = XCBuildConfiguration;
			buildSettings = {
				ALWAYS_SEARCH_USER_PATHS = NO;
				CLANG_CXX_LANGUAGE_STANDARD = "gnu++0x";
				CLANG_CXX_LIBRARY = "libc++";
				CLANG_ENABLE_MODULES = YES;
				CLANG_ENABLE_OBJC_ARC = YES;
				CLANG_WARN_BOOL_CONVERSION = YES;
				CLANG_WARN_CONSTANT_CONVERSION = YES;
				CLANG_WARN_DIRECT_OBJC_ISA_USAGE = YES_ERROR;
				CLANG_WARN_EMPTY_BODY = YES;
				CLANG_WARN_ENUM_CONVERSION = YES;
				CLANG_WARN_INT_CONVERSION = YES;
				CLANG_WARN_OBJC_ROOT_CLASS = YES_ERROR;
				CLANG_WARN__DUPLICATE_METHOD_MATCH = YES;
				"CODE_SIGN_IDENTITY[sdk=iphoneos*]" = "iPhone Developer";
				COPY_PHASE_STRIP = YES;
				ENABLE_NS_ASSERTIONS = NO;
				GCC_C_LANGUAGE_STANDARD = gnu99;
				GCC_WARN_64_TO_32_BIT_CONVERSION = YES;
				GCC_WARN_ABOUT_RETURN_TYPE = YES_ERROR;
				GCC_WARN_UNDECLARED_SELECTOR = YES;
				GCC_WARN_UNINITIALIZED_AUTOS = YES_AGGRESSIVE;
				GCC_WARN_UNUSED_FUNCTION = YES;
				GCC_WARN_UNUSED_VARIABLE = YES;
				IPHONEOS_DEPLOYMENT_TARGET = 7.1;
				SDKROOT = iphoneos;
				VALIDATE_PRODUCT = YES;
			};
			name = Release;
		};
		BD699E2118E787C60085F819 /* Debug */ = {
			isa = XCBuildConfiguration;
			buildSettings = {
				ASSETCATALOG_COMPILER_APPICON_NAME = AppIcon;
				ASSETCATALOG_COMPILER_LAUNCHIMAGE_NAME = LaunchImage;
				FRAMEWORK_SEARCH_PATHS = (
					"$(inherited)",
					"$(PROJECT_DIR)",
				);
				GCC_PRECOMPILE_PREFIX_HEADER = YES;
				GCC_PREFIX_HEADER = "Peak/Peak-Prefix.pch";
				INFOPLIST_FILE = "Peak/Peak-Info.plist";
				PRODUCT_NAME = "$(TARGET_NAME)";
				WRAPPER_EXTENSION = app;
			};
			name = Debug;
		};
		BD699E2218E787C60085F819 /* Release */ = {
			isa = XCBuildConfiguration;
			buildSettings = {
				ASSETCATALOG_COMPILER_APPICON_NAME = AppIcon;
				ASSETCATALOG_COMPILER_LAUNCHIMAGE_NAME = LaunchImage;
				FRAMEWORK_SEARCH_PATHS = (
					"$(inherited)",
					"$(PROJECT_DIR)",
				);
				GCC_PRECOMPILE_PREFIX_HEADER = YES;
				GCC_PREFIX_HEADER = "Peak/Peak-Prefix.pch";
				INFOPLIST_FILE = "Peak/Peak-Info.plist";
				PRODUCT_NAME = "$(TARGET_NAME)";
				WRAPPER_EXTENSION = app;
			};
			name = Release;
		};
		BD699E2418E787C60085F819 /* Debug */ = {
			isa = XCBuildConfiguration;
			buildSettings = {
				BUNDLE_LOADER = "$(BUILT_PRODUCTS_DIR)/Peak.app/Peak";
				FRAMEWORK_SEARCH_PATHS = (
					"$(SDKROOT)/Developer/Library/Frameworks",
					"$(inherited)",
					"$(DEVELOPER_FRAMEWORKS_DIR)",
				);
				GCC_PRECOMPILE_PREFIX_HEADER = YES;
				GCC_PREFIX_HEADER = "Peak/Peak-Prefix.pch";
				GCC_PREPROCESSOR_DEFINITIONS = (
					"DEBUG=1",
					"$(inherited)",
				);
				INFOPLIST_FILE = "PeakTests/PeakTests-Info.plist";
				PRODUCT_NAME = "$(TARGET_NAME)";
				TEST_HOST = "$(BUNDLE_LOADER)";
				WRAPPER_EXTENSION = xctest;
			};
			name = Debug;
		};
		BD699E2518E787C60085F819 /* Release */ = {
			isa = XCBuildConfiguration;
			buildSettings = {
				BUNDLE_LOADER = "$(BUILT_PRODUCTS_DIR)/Peak.app/Peak";
				FRAMEWORK_SEARCH_PATHS = (
					"$(SDKROOT)/Developer/Library/Frameworks",
					"$(inherited)",
					"$(DEVELOPER_FRAMEWORKS_DIR)",
				);
				GCC_PRECOMPILE_PREFIX_HEADER = YES;
				GCC_PREFIX_HEADER = "Peak/Peak-Prefix.pch";
				INFOPLIST_FILE = "PeakTests/PeakTests-Info.plist";
				PRODUCT_NAME = "$(TARGET_NAME)";
				TEST_HOST = "$(BUNDLE_LOADER)";
				WRAPPER_EXTENSION = xctest;
			};
			name = Release;
		};
/* End XCBuildConfiguration section */

/* Begin XCConfigurationList section */
		BD699DE918E787C60085F819 /* Build configuration list for PBXProject "Peak" */ = {
			isa = XCConfigurationList;
			buildConfigurations = (
				BD699E1E18E787C60085F819 /* Debug */,
				BD699E1F18E787C60085F819 /* Release */,
			);
			defaultConfigurationIsVisible = 0;
			defaultConfigurationName = Release;
		};
		BD699E2018E787C60085F819 /* Build configuration list for PBXNativeTarget "Peak" */ = {
			isa = XCConfigurationList;
			buildConfigurations = (
				BD699E2118E787C60085F819 /* Debug */,
				BD699E2218E787C60085F819 /* Release */,
			);
			defaultConfigurationIsVisible = 0;
			defaultConfigurationName = Release;
		};
		BD699E2318E787C60085F819 /* Build configuration list for PBXNativeTarget "PeakTests" */ = {
			isa = XCConfigurationList;
			buildConfigurations = (
				BD699E2418E787C60085F819 /* Debug */,
				BD699E2518E787C60085F819 /* Release */,
			);
			defaultConfigurationIsVisible = 0;
			defaultConfigurationName = Release;
		};
/* End XCConfigurationList section */
	};
	rootObject = BD699DE618E787C60085F819 /* Project object */;
}
